// !$*UTF8*$!
{
	archiveVersion = 1;
	classes = {
	};
	objectVersion = 46;
	objects = {

/* Begin PBXBuildFile section */
		D46D591B1D505868001C607A /* Localizable.strings in Resources */ = {isa = PBXBuildFile; fileRef = D46D591D1D505868001C607A /* Localizable.strings */; };
		D46D591F1D50602F001C607A /* flag.png in Resources */ = {isa = PBXBuildFile; fileRef = D46D59211D50602F001C607A /* flag.png */; };
		D47D8D301D4705AD005950B5 /* AppDelegate.swift in Sources */ = {isa = PBXBuildFile; fileRef = D47D8D2F1D4705AD005950B5 /* AppDelegate.swift */; };
		D47D8D321D4705AD005950B5 /* ViewController.swift in Sources */ = {isa = PBXBuildFile; fileRef = D47D8D311D4705AD005950B5 /* ViewController.swift */; };
		D47D8D351D4705AD005950B5 /* Main.storyboard in Resources */ = {isa = PBXBuildFile; fileRef = D47D8D331D4705AD005950B5 /* Main.storyboard */; };
		D47D8D371D4705AD005950B5 /* Assets.xcassets in Resources */ = {isa = PBXBuildFile; fileRef = D47D8D361D4705AD005950B5 /* Assets.xcassets */; };
		D47D8D3A1D4705AD005950B5 /* LaunchScreen.storyboard in Resources */ = {isa = PBXBuildFile; fileRef = D47D8D381D4705AD005950B5 /* LaunchScreen.storyboard */; };
/* End PBXBuildFile section */

/* Begin PBXFileReference section */
		D46D59151D503C91001C607A /* es */ = {isa = PBXFileReference; lastKnownFileType = text.plist.strings; name = es; path = es.lproj/Main.strings; sourceTree = "<group>"; };
		D46D59161D503C91001C607A /* es */ = {isa = PBXFileReference; lastKnownFileType = text.plist.strings; name = es; path = es.lproj/LaunchScreen.strings; sourceTree = "<group>"; };
		D46D591C1D505868001C607A /* es */ = {isa = PBXFileReference; lastKnownFileType = text.plist.strings; name = es; path = es.lproj/Localizable.strings; sourceTree = "<group>"; };
		D46D591E1D505882001C607A /* en */ = {isa = PBXFileReference; lastKnownFileType = text.plist.strings; name = en; path = en.lproj/Localizable.strings; sourceTree = "<group>"; };
		D46D59201D50602F001C607A /* es */ = {isa = PBXFileReference; lastKnownFileType = image.png; name = es; path = es.lproj/flag.png; sourceTree = "<group>"; };
		D46D59221D506031001C607A /* en */ = {isa = PBXFileReference; lastKnownFileType = image.png; name = en; path = en.lproj/flag.png; sourceTree = "<group>"; };
		D47D8D2C1D4705AD005950B5 /* I18n Demo.app */ = {isa = PBXFileReference; explicitFileType = wrapper.application; includeInIndex = 0; path = "I18n Demo.app"; sourceTree = BUILT_PRODUCTS_DIR; };
		D47D8D2F1D4705AD005950B5 /* AppDelegate.swift */ = {isa = PBXFileReference; lastKnownFileType = sourcecode.swift; path = AppDelegate.swift; sourceTree = "<group>"; };
		D47D8D311D4705AD005950B5 /* ViewController.swift */ = {isa = PBXFileReference; lastKnownFileType = sourcecode.swift; path = ViewController.swift; sourceTree = "<group>"; };
		D47D8D341D4705AD005950B5 /* Base */ = {isa = PBXFileReference; lastKnownFileType = file.storyboard; name = Base; path = Base.lproj/Main.storyboard; sourceTree = "<group>"; };
		D47D8D361D4705AD005950B5 /* Assets.xcassets */ = {isa = PBXFileReference; lastKnownFileType = folder.assetcatalog; path = Assets.xcassets; sourceTree = "<group>"; };
		D47D8D391D4705AD005950B5 /* Base */ = {isa = PBXFileReference; lastKnownFileType = file.storyboard; name = Base; path = Base.lproj/LaunchScreen.storyboard; sourceTree = "<group>"; };
		D47D8D3B1D4705AD005950B5 /* Info.plist */ = {isa = PBXFileReference; lastKnownFileType = text.plist.xml; path = Info.plist; sourceTree = "<group>"; };
/* End PBXFileReference section */

/* Begin PBXFrameworksBuildPhase section */
		D47D8D291D4705AD005950B5 /* Frameworks */ = {
			isa = PBXFrameworksBuildPhase;
			buildActionMask = 2147483647;
			files = (
			);
			runOnlyForDeploymentPostprocessing = 0;
		};
/* End PBXFrameworksBuildPhase section */

/* Begin PBXGroup section */
		D47D8D231D4705AD005950B5 = {
			isa = PBXGroup;
			children = (
				D47D8D2E1D4705AD005950B5 /* I18n Demo */,
				D47D8D2D1D4705AD005950B5 /* Products */,
			);
			sourceTree = "<group>";
		};
		D47D8D2D1D4705AD005950B5 /* Products */ = {
			isa = PBXGroup;
			children = (
				D47D8D2C1D4705AD005950B5 /* I18n Demo.app */,
			);
			name = Products;
			sourceTree = "<group>";
		};
		D47D8D2E1D4705AD005950B5 /* I18n Demo */ = {
			isa = PBXGroup;
			children = (
				D47D8D2F1D4705AD005950B5 /* AppDelegate.swift */,
				D47D8D311D4705AD005950B5 /* ViewController.swift */,
				D47D8D331D4705AD005950B5 /* Main.storyboard */,
				D47D8D361D4705AD005950B5 /* Assets.xcassets */,
				D47D8D381D4705AD005950B5 /* LaunchScreen.storyboard */,
				D47D8D3B1D4705AD005950B5 /* Info.plist */,
				D46D59211D50602F001C607A /* flag.png */,
				D46D591D1D505868001C607A /* Localizable.strings */,
			);
			path = "I18n Demo";
			sourceTree = "<group>";
		};
/* End PBXGroup section */

/* Begin PBXNativeTarget section */
		D47D8D2B1D4705AD005950B5 /* I18n Demo */ = {
			isa = PBXNativeTarget;
			buildConfigurationList = D47D8D3E1D4705AD005950B5 /* Build configuration list for PBXNativeTarget "I18n Demo" */;
			buildPhases = (
				D47D8D281D4705AD005950B5 /* Sources */,
				D47D8D291D4705AD005950B5 /* Frameworks */,
				D47D8D2A1D4705AD005950B5 /* Resources */,
			);
			buildRules = (
			);
			dependencies = (
			);
			name = "I18n Demo";
			productName = "I18n Demo";
			productReference = D47D8D2C1D4705AD005950B5 /* I18n Demo.app */;
			productType = "com.apple.product-type.application";
		};
/* End PBXNativeTarget section */

/* Begin PBXProject section */
		D47D8D241D4705AD005950B5 /* Project object */ = {
			isa = PBXProject;
			attributes = {
				LastSwiftUpdateCheck = 0730;
				LastUpgradeCheck = 0730;
				ORGANIZATIONNAME = "Gerson Villanueva";
				TargetAttributes = {
					D47D8D2B1D4705AD005950B5 = {
						CreatedOnToolsVersion = 7.3.1;
						LastSwiftMigration = 0830;
					};
				};
			};
			buildConfigurationList = D47D8D271D4705AD005950B5 /* Build configuration list for PBXProject "I18n Demo" */;
			compatibilityVersion = "Xcode 3.2";
			developmentRegion = English;
			hasScannedForEncodings = 0;
			knownRegions = (
				en,
				Base,
			);
			mainGroup = D47D8D231D4705AD005950B5;
			productRefGroup = D47D8D2D1D4705AD005950B5 /* Products */;
			projectDirPath = "";
			projectRoot = "";
			targets = (
				D47D8D2B1D4705AD005950B5 /* I18n Demo */,
			);
		};
/* End PBXProject section */

/* Begin PBXResourcesBuildPhase section */
		D47D8D2A1D4705AD005950B5 /* Resources */ = {
			isa = PBXResourcesBuildPhase;
			buildActionMask = 2147483647;
			files = (
				D46D591B1D505868001C607A /* Localizable.strings in Resources */,
				D47D8D3A1D4705AD005950B5 /* LaunchScreen.storyboard in Resources */,
				D46D591F1D50602F001C607A /* flag.png in Resources */,
				D47D8D371D4705AD005950B5 /* Assets.xcassets in Resources */,
				D47D8D351D4705AD005950B5 /* Main.storyboard in Resources */,
			);
			runOnlyForDeploymentPostprocessing = 0;
		};
/* End PBXResourcesBuildPhase section */

/* Begin PBXSourcesBuildPhase section */
		D47D8D281D4705AD005950B5 /* Sources */ = {
			isa = PBXSourcesBuildPhase;
			buildActionMask = 2147483647;
			files = (
				D47D8D321D4705AD005950B5 /* ViewController.swift in Sources */,
				D47D8D301D4705AD005950B5 /* AppDelegate.swift in Sources */,
			);
			runOnlyForDeploymentPostprocessing = 0;
		};
/* End PBXSourcesBuildPhase section */

/* Begin PBXVariantGroup section */
		D46D591D1D505868001C607A /* Localizable.strings */ = {
			isa = PBXVariantGroup;
			children = (
				D46D591C1D505868001C607A /* es */,
				D46D591E1D505882001C607A /* en */,
			);
			name = Localizable.strings;
			path = ..;
			sourceTree = "<group>";
		};
		D46D59211D50602F001C607A /* flag.png */ = {
			isa = PBXVariantGroup;
			children = (
				D46D59201D50602F001C607A /* es */,
				D46D59221D506031001C607A /* en */,
			);
			name = flag.png;
			path = ..;
			sourceTree = "<group>";
		};
		D47D8D331D4705AD005950B5 /* Main.storyboard */ = {
			isa = PBXVariantGroup;
			children = (
				D47D8D341D4705AD005950B5 /* Base */,
				D46D59151D503C91001C607A /* es */,
			);
			name = Main.storyboard;
			sourceTree = "<group>";
		};
		D47D8D381D4705AD005950B5 /* LaunchScreen.storyboard */ = {
			isa = PBXVariantGroup;
			children = (
				D47D8D391D4705AD005950B5 /* Base */,
				D46D59161D503C91001C607A /* es */,
			);
			name = LaunchScreen.storyboard;
			sourceTree = "<group>";
		};
/* End PBXVariantGroup section */

/* Begin XCBuildConfiguration section */
		D47D8D3C1D4705AD005950B5 /* Debug */ = {
			isa = XCBuildConfiguration;
			buildSettings = {
				ALWAYS_SEARCH_USER_PATHS = NO;
				CLANG_ANALYZER_NONNULL = YES;
				CLANG_CXX_LANGUAGE_STANDARD = "gnu++0x";
				CLANG_CXX_LIBRARY = "libc++";
				CLANG_ENABLE_MODULES = YES;
				CLANG_ENABLE_OBJC_ARC = YES;
				CLANG_WARN_BOOL_CONVERSION = YES;
				CLANG_WARN_CONSTANT_CONVERSION = YES;
				CLANG_WARN_DIRECT_OBJC_ISA_USAGE = YES_ERROR;
				CLANG_WARN_EMPTY_BODY = YES;
				CLANG_WARN_ENUM_CONVERSION = YES;
				CLANG_WARN_INT_CONVERSION = YES;
				CLANG_WARN_OBJC_ROOT_CLASS = YES_ERROR;
				CLANG_WARN_UNREACHABLE_CODE = YES;
				CLANG_WARN__DUPLICATE_METHOD_MATCH = YES;
				"CODE_SIGN_IDENTITY[sdk=iphoneos*]" = "iPhone Developer";
				COPY_PHASE_STRIP = NO;
				DEBUG_INFORMATION_FORMAT = dwarf;
				ENABLE_STRICT_OBJC_MSGSEND = YES;
				ENABLE_TESTABILITY = YES;
				GCC_C_LANGUAGE_STANDARD = gnu99;
				GCC_DYNAMIC_NO_PIC = NO;
				GCC_NO_COMMON_BLOCKS = YES;
				GCC_OPTIMIZATION_LEVEL = 0;
				GCC_PREPROCESSOR_DEFINITIONS = (
					"DEBUG=1",
					"$(inherited)",
				);
				GCC_WARN_64_TO_32_BIT_CONVERSION = YES;
				GCC_WARN_ABOUT_RETURN_TYPE = YES_ERROR;
				GCC_WARN_UNDECLARED_SELECTOR = YES;
				GCC_WARN_UNINITIALIZED_AUTOS = YES_AGGRESSIVE;
				GCC_WARN_UNUSED_FUNCTION = YES;
				GCC_WARN_UNUSED_VARIABLE = YES;
				IPHONEOS_DEPLOYMENT_TARGET = 9.3;
				MTL_ENABLE_DEBUG_INFO = YES;
				ONLY_ACTIVE_ARCH = YES;
				SDKROOT = iphoneos;
				SWIFT_OPTIMIZATION_LEVEL = "-Onone";
			};
			name = Debug;
		};
		D47D8D3D1D4705AD005950B5 /* Release */ = {
			isa = XCBuildConfiguration;
			buildSettings = {
				ALWAYS_SEARCH_USER_PATHS = NO;
				CLANG_ANALYZER_NONNULL = YES;
				CLANG_CXX_LANGUAGE_STANDARD = "gnu++0x";
				CLANG_CXX_LIBRARY = "libc++";
				CLANG_ENABLE_MODULES = YES;
				CLANG_ENABLE_OBJC_ARC = YES;
				CLANG_WARN_BOOL_CONVERSION = YES;
				CLANG_WARN_CONSTANT_CONVERSION = YES;
				CLANG_WARN_DIRECT_OBJC_ISA_USAGE = YES_ERROR;
				CLANG_WARN_EMPTY_BODY = YES;
				CLANG_WARN_ENUM_CONVERSION = YES;
				CLANG_WARN_INT_CONVERSION = YES;
				CLANG_WARN_OBJC_ROOT_CLASS = YES_ERROR;
				CLANG_WARN_UNREACHABLE_CODE = YES;
				CLANG_WARN__DUPLICATE_METHOD_MATCH = YES;
				"CODE_SIGN_IDENTITY[sdk=iphoneos*]" = "iPhone Developer";
				COPY_PHASE_STRIP = NO;
				DEBUG_INFORMATION_FORMAT = "dwarf-with-dsym";
				ENABLE_NS_ASSERTIONS = NO;
				ENABLE_STRICT_OBJC_MSGSEND = YES;
				GCC_C_LANGUAGE_STANDARD = gnu99;
				GCC_NO_COMMON_BLOCKS = YES;
				GCC_WARN_64_TO_32_BIT_CONVERSION = YES;
				GCC_WARN_ABOUT_RETURN_TYPE = YES_ERROR;
				GCC_WARN_UNDECLARED_SELECTOR = YES;
				GCC_WARN_UNINITIALIZED_AUTOS = YES_AGGRESSIVE;
				GCC_WARN_UNUSED_FUNCTION = YES;
				GCC_WARN_UNUSED_VARIABLE = YES;
				IPHONEOS_DEPLOYMENT_TARGET = 9.3;
				MTL_ENABLE_DEBUG_INFO = NO;
				SDKROOT = iphoneos;
				VALIDATE_PRODUCT = YES;
			};
			name = Release;
		};
		D47D8D3F1D4705AD005950B5 /* Debug */ = {
			isa = XCBuildConfiguration;
			buildSettings = {
				ASSETCATALOG_COMPILER_APPICON_NAME = AppIcon;
				INFOPLIST_FILE = "I18n Demo/Info.plist";
				LD_RUNPATH_SEARCH_PATHS = "$(inherited) @executable_path/Frameworks";
				PRODUCT_BUNDLE_IDENTIFIER = "com.gerson.I18n-Demo";
				PRODUCT_NAME = "$(TARGET_NAME)";
				SWIFT_VERSION = 3.0;
			};
			name = Debug;
		};
		D47D8D401D4705AD005950B5 /* Release */ = {
			isa = XCBuildConfiguration;
			buildSettings = {
				ASSETCATALOG_COMPILER_APPICON_NAME = AppIcon;
				INFOPLIST_FILE = "I18n Demo/Info.plist";
				LD_RUNPATH_SEARCH_PATHS = "$(inherited) @executable_path/Frameworks";
				PRODUCT_BUNDLE_IDENTIFIER = "com.gerson.I18n-Demo";
				PRODUCT_NAME = "$(TARGET_NAME)";
				SWIFT_VERSION = 3.0;
			};
			name = Release;
		};
/* End XCBuildConfiguration section */

/* Begin XCConfigurationList section */
		D47D8D271D4705AD005950B5 /* Build configuration list for PBXProject "I18n Demo" */ = {
			isa = XCConfigurationList;
			buildConfigurations = (
				D47D8D3C1D4705AD005950B5 /* Debug */,
				D47D8D3D1D4705AD005950B5 /* Release */,
			);
			defaultConfigurationIsVisible = 0;
			defaultConfigurationName = Release;
		};
		D47D8D3E1D4705AD005950B5 /* Build configuration list for PBXNativeTarget "I18n Demo" */ = {
			isa = XCConfigurationList;
			buildConfigurations = (
				D47D8D3F1D4705AD005950B5 /* Debug */,
				D47D8D401D4705AD005950B5 /* Release */,
			);
			defaultConfigurationIsVisible = 0;
			defaultConfigurationName = Release;
		};
/* End XCConfigurationList section */
	};
	rootObject = D47D8D241D4705AD005950B5 /* Project object */;
}
